
Microsoft Visual Studio Solution File, Format Version 12.00
# Visual Studio Version 16
VisualStudioVersion = 16.0.29201.188
MinimumVisualStudioVersion = 10.0.40219.1
Project("{FAE04EC0-301F-11D3-BF4B-00C04F79EFBC}") = "Binding of Isaac console", "Binding of Isaac console.csproj", "{856B35BF-651C-4EDC-A304-EC17BC31EC97}"
EndProject
Global
	GlobalSection(SolutionConfigurationPlatforms) = preSolution
		Debug|Any CPU = Debug|Any CPU
		Release|Any CPU = Release|Any CPU
	EndGlobalSection
	GlobalSection(ProjectConfigurationPlatforms) = postSolution
		{856B35BF-651C-4EDC-A304-EC17BC31EC97}.Debug|Any CPU.ActiveCfg = Debug|Any CPU
		{856B35BF-651C-4EDC-A304-EC17BC31EC97}.Debug|Any CPU.Build.0 = Debug|Any CPU
		{856B35BF-651C-4EDC-A304-EC17BC31EC97}.Release|Any CPU.ActiveCfg = Release|Any CPU
		{856B35BF-651C-4EDC-A304-EC17BC31EC97}.Release|Any CPU.Build.0 = Release|Any CPU
	EndGlobalSection
	GlobalSection(SolutionProperties) = preSolution
		HideSolutionNode = FALSE
	EndGlobalSection
	GlobalSection(ExtensibilityGlobals) = postSolution
		SolutionGuid = {EC136A26-9ABC-4CA8-A74D-D32EB95B57CA}
	EndGlobalSection
EndGlobal
